// !$*UTF8*$!
{
	archiveVersion = 1;
	classes = {
	};
	objectVersion = 50;
	objects = {

/* Begin PBXBuildFile section */
		1118C56622684053008B9E6A /* UIButtonHelper.swift in Sources */ = {isa = PBXBuildFile; fileRef = 11647B962264930A00561805 /* UIButtonHelper.swift */; };
		1118C56722684053008B9E6A /* NSLayoutHelper.swift in Sources */ = {isa = PBXBuildFile; fileRef = 11647B972264930A00561805 /* NSLayoutHelper.swift */; };
		1118C56822684053008B9E6A /* DeviceHelper.swift in Sources */ = {isa = PBXBuildFile; fileRef = 11647B982264930A00561805 /* DeviceHelper.swift */; };
		1118C56922684053008B9E6A /* UITextViewHelper.swift in Sources */ = {isa = PBXBuildFile; fileRef = 11647B992264930A00561805 /* UITextViewHelper.swift */; };
		1118C56A22684053008B9E6A /* UILabelHelper.swift in Sources */ = {isa = PBXBuildFile; fileRef = 11647B9A2264930A00561805 /* UILabelHelper.swift */; };
		1118C56B22684053008B9E6A /* UITextFieldHelper.swift in Sources */ = {isa = PBXBuildFile; fileRef = 11647B9B2264930A00561805 /* UITextFieldHelper.swift */; };
		11647B84226492DA00561805 /* AppDelegate.swift in Sources */ = {isa = PBXBuildFile; fileRef = 11647B83226492DA00561805 /* AppDelegate.swift */; };
		11647B89226492DA00561805 /* Main.storyboard in Resources */ = {isa = PBXBuildFile; fileRef = 11647B87226492DA00561805 /* Main.storyboard */; };
		11647B8B226492DC00561805 /* Assets.xcassets in Resources */ = {isa = PBXBuildFile; fileRef = 11647B8A226492DC00561805 /* Assets.xcassets */; };
		11647B8E226492DC00561805 /* LaunchScreen.storyboard in Resources */ = {isa = PBXBuildFile; fileRef = 11647B8C226492DC00561805 /* LaunchScreen.storyboard */; };
/* End PBXBuildFile section */

/* Begin PBXFileReference section */
		11647B80226492DA00561805 /* Layout Helper.app */ = {isa = PBXFileReference; explicitFileType = wrapper.application; includeInIndex = 0; path = "Layout Helper.app"; sourceTree = BUILT_PRODUCTS_DIR; };
		11647B83226492DA00561805 /* AppDelegate.swift */ = {isa = PBXFileReference; lastKnownFileType = sourcecode.swift; path = AppDelegate.swift; sourceTree = "<group>"; };
		11647B88226492DA00561805 /* Base */ = {isa = PBXFileReference; lastKnownFileType = file.storyboard; name = Base; path = Base.lproj/Main.storyboard; sourceTree = "<group>"; };
		11647B8A226492DC00561805 /* Assets.xcassets */ = {isa = PBXFileReference; lastKnownFileType = folder.assetcatalog; path = Assets.xcassets; sourceTree = "<group>"; };
		11647B8D226492DC00561805 /* Base */ = {isa = PBXFileReference; lastKnownFileType = file.storyboard; name = Base; path = Base.lproj/LaunchScreen.storyboard; sourceTree = "<group>"; };
		11647B8F226492DC00561805 /* Info.plist */ = {isa = PBXFileReference; lastKnownFileType = text.plist.xml; path = Info.plist; sourceTree = "<group>"; };
		11647B962264930A00561805 /* UIButtonHelper.swift */ = {isa = PBXFileReference; lastKnownFileType = sourcecode.swift; path = UIButtonHelper.swift; sourceTree = "<group>"; };
		11647B972264930A00561805 /* NSLayoutHelper.swift */ = {isa = PBXFileReference; lastKnownFileType = sourcecode.swift; path = NSLayoutHelper.swift; sourceTree = "<group>"; };
		11647B982264930A00561805 /* DeviceHelper.swift */ = {isa = PBXFileReference; lastKnownFileType = sourcecode.swift; path = DeviceHelper.swift; sourceTree = "<group>"; };
		11647B992264930A00561805 /* UITextViewHelper.swift */ = {isa = PBXFileReference; lastKnownFileType = sourcecode.swift; path = UITextViewHelper.swift; sourceTree = "<group>"; };
		11647B9A2264930A00561805 /* UILabelHelper.swift */ = {isa = PBXFileReference; lastKnownFileType = sourcecode.swift; path = UILabelHelper.swift; sourceTree = "<group>"; };
		11647B9B2264930A00561805 /* UITextFieldHelper.swift */ = {isa = PBXFileReference; lastKnownFileType = sourcecode.swift; path = UITextFieldHelper.swift; sourceTree = "<group>"; };
/* End PBXFileReference section */

/* Begin PBXFrameworksBuildPhase section */
		11647B7D226492DA00561805 /* Frameworks */ = {
			isa = PBXFrameworksBuildPhase;
			buildActionMask = 2147483647;
			files = (
			);
			runOnlyForDeploymentPostprocessing = 0;
		};
/* End PBXFrameworksBuildPhase section */

/* Begin PBXGroup section */
		11647B77226492DA00561805 = {
			isa = PBXGroup;
			children = (
				11647B82226492DA00561805 /* Layout Helper */,
				11647B81226492DA00561805 /* Products */,
			);
			sourceTree = "<group>";
		};
		11647B81226492DA00561805 /* Products */ = {
			isa = PBXGroup;
			children = (
				11647B80226492DA00561805 /* Layout Helper.app */,
			);
			name = Products;
			sourceTree = "<group>";
		};
		11647B82226492DA00561805 /* Layout Helper */ = {
			isa = PBXGroup;
			children = (
				11647B83226492DA00561805 /* AppDelegate.swift */,
				11647B87226492DA00561805 /* Main.storyboard */,
				11647B8A226492DC00561805 /* Assets.xcassets */,
				11647B952264930A00561805 /* Layout Helper */,
				11647B8C226492DC00561805 /* LaunchScreen.storyboard */,
				11647B8F226492DC00561805 /* Info.plist */,
			);
			path = "Layout Helper";
			sourceTree = "<group>";
		};
		11647B952264930A00561805 /* Layout Helper */ = {
			isa = PBXGroup;
			children = (
				11647B962264930A00561805 /* UIButtonHelper.swift */,
				11647B972264930A00561805 /* NSLayoutHelper.swift */,
				11647B982264930A00561805 /* DeviceHelper.swift */,
				11647B992264930A00561805 /* UITextViewHelper.swift */,
				11647B9A2264930A00561805 /* UILabelHelper.swift */,
				11647B9B2264930A00561805 /* UITextFieldHelper.swift */,
			);
			path = "Layout Helper";
			sourceTree = "<group>";
		};
/* End PBXGroup section */

/* Begin PBXNativeTarget section */
		11647B7F226492DA00561805 /* Layout Helper */ = {
			isa = PBXNativeTarget;
			buildConfigurationList = 11647B92226492DC00561805 /* Build configuration list for PBXNativeTarget "Layout Helper" */;
			buildPhases = (
				11647B7C226492DA00561805 /* Sources */,
				11647B7D226492DA00561805 /* Frameworks */,
				11647B7E226492DA00561805 /* Resources */,
			);
			buildRules = (
			);
			dependencies = (
			);
			name = "Layout Helper";
			productName = "Layout Helper";
			productReference = 11647B80226492DA00561805 /* Layout Helper.app */;
			productType = "com.apple.product-type.application";
		};
/* End PBXNativeTarget section */

/* Begin PBXProject section */
		11647B78226492DA00561805 /* Project object */ = {
			isa = PBXProject;
			attributes = {
				LastSwiftUpdateCheck = 1000;
				LastUpgradeCheck = 1000;
				ORGANIZATIONNAME = Wabbiters;
				TargetAttributes = {
					11647B7F226492DA00561805 = {
						CreatedOnToolsVersion = 10.0;
					};
				};
			};
			buildConfigurationList = 11647B7B226492DA00561805 /* Build configuration list for PBXProject "Layout Helper" */;
			compatibilityVersion = "Xcode 9.3";
			developmentRegion = en;
			hasScannedForEncodings = 0;
			knownRegions = (
				en,
				Base,
			);
			mainGroup = 11647B77226492DA00561805;
			productRefGroup = 11647B81226492DA00561805 /* Products */;
			projectDirPath = "";
			projectRoot = "";
			targets = (
				11647B7F226492DA00561805 /* Layout Helper */,
			);
		};
/* End PBXProject section */

/* Begin PBXResourcesBuildPhase section */
		11647B7E226492DA00561805 /* Resources */ = {
			isa = PBXResourcesBuildPhase;
			buildActionMask = 2147483647;
			files = (
				11647B8E226492DC00561805 /* LaunchScreen.storyboard in Resources */,
				11647B8B226492DC00561805 /* Assets.xcassets in Resources */,
				11647B89226492DA00561805 /* Main.storyboard in Resources */,
			);
			runOnlyForDeploymentPostprocessing = 0;
		};
/* End PBXResourcesBuildPhase section */

/* Begin PBXSourcesBuildPhase section */
		11647B7C226492DA00561805 /* Sources */ = {
			isa = PBXSourcesBuildPhase;
			buildActionMask = 2147483647;
			files = (
				1118C56622684053008B9E6A /* UIButtonHelper.swift in Sources */,
				1118C56722684053008B9E6A /* NSLayoutHelper.swift in Sources */,
				1118C56822684053008B9E6A /* DeviceHelper.swift in Sources */,
				1118C56922684053008B9E6A /* UITextViewHelper.swift in Sources */,
				1118C56A22684053008B9E6A /* UILabelHelper.swift in Sources */,
				1118C56B22684053008B9E6A /* UITextFieldHelper.swift in Sources */,
				11647B84226492DA00561805 /* AppDelegate.swift in Sources */,
			);
			runOnlyForDeploymentPostprocessing = 0;
		};
/* End PBXSourcesBuildPhase section */

/* Begin PBXVariantGroup section */
		11647B87226492DA00561805 /* Main.storyboard */ = {
			isa = PBXVariantGroup;
			children = (
				11647B88226492DA00561805 /* Base */,
			);
			name = Main.storyboard;
			sourceTree = "<group>";
		};
		11647B8C226492DC00561805 /* LaunchScreen.storyboard */ = {
			isa = PBXVariantGroup;
			children = (
				11647B8D226492DC00561805 /* Base */,
			);
			name = LaunchScreen.storyboard;
			sourceTree = "<group>";
		};
/* End PBXVariantGroup section */

/* Begin XCBuildConfiguration section */
		11647B90226492DC00561805 /* Debug */ = {
			isa = XCBuildConfiguration;
			buildSettings = {
				ALWAYS_SEARCH_USER_PATHS = NO;
				CLANG_ANALYZER_NONNULL = YES;
				CLANG_ANALYZER_NUMBER_OBJECT_CONVERSION = YES_AGGRESSIVE;
				CLANG_CXX_LANGUAGE_STANDARD = "gnu++14";
				CLANG_CXX_LIBRARY = "libc++";
				CLANG_ENABLE_MODULES = YES;
				CLANG_ENABLE_OBJC_ARC = YES;
				CLANG_ENABLE_OBJC_WEAK = YES;
				CLANG_WARN_BLOCK_CAPTURE_AUTORELEASING = YES;
				CLANG_WARN_BOOL_CONVERSION = YES;
				CLANG_WARN_COMMA = YES;
				CLANG_WARN_CONSTANT_CONVERSION = YES;
				CLANG_WARN_DEPRECATED_OBJC_IMPLEMENTATIONS = YES;
				CLANG_WARN_DIRECT_OBJC_ISA_USAGE = YES_ERROR;
				CLANG_WARN_DOCUMENTATION_COMMENTS = YES;
				CLANG_WARN_EMPTY_BODY = YES;
				CLANG_WARN_ENUM_CONVERSION = YES;
				CLANG_WARN_INFINITE_RECURSION = YES;
				CLANG_WARN_INT_CONVERSION = YES;
				CLANG_WARN_NON_LITERAL_NULL_CONVERSION = YES;
				CLANG_WARN_OBJC_IMPLICIT_RETAIN_SELF = YES;
				CLANG_WARN_OBJC_LITERAL_CONVERSION = YES;
				CLANG_WARN_OBJC_ROOT_CLASS = YES_ERROR;
				CLANG_WARN_RANGE_LOOP_ANALYSIS = YES;
				CLANG_WARN_STRICT_PROTOTYPES = YES;
				CLANG_WARN_SUSPICIOUS_MOVE = YES;
				CLANG_WARN_UNGUARDED_AVAILABILITY = YES_AGGRESSIVE;
				CLANG_WARN_UNREACHABLE_CODE = YES;
				CLANG_WARN__DUPLICATE_METHOD_MATCH = YES;
				CODE_SIGN_IDENTITY = "iPhone Developer";
				COPY_PHASE_STRIP = NO;
				DEBUG_INFORMATION_FORMAT = dwarf;
				ENABLE_STRICT_OBJC_MSGSEND = YES;
				ENABLE_TESTABILITY = YES;
				GCC_C_LANGUAGE_STANDARD = gnu11;
				GCC_DYNAMIC_NO_PIC = NO;
				GCC_NO_COMMON_BLOCKS = YES;
				GCC_OPTIMIZATION_LEVEL = 0;
				GCC_PREPROCESSOR_DEFINITIONS = (
					"DEBUG=1",
					"$(inherited)",
				);
				GCC_WARN_64_TO_32_BIT_CONVERSION = YES;
				GCC_WARN_ABOUT_RETURN_TYPE = YES_ERROR;
				GCC_WARN_UNDECLARED_SELECTOR = YES;
				GCC_WARN_UNINITIALIZED_AUTOS = YES_AGGRESSIVE;
				GCC_WARN_UNUSED_FUNCTION = YES;
				GCC_WARN_UNUSED_VARIABLE = YES;
				IPHONEOS_DEPLOYMENT_TARGET = 12.0;
				MTL_ENABLE_DEBUG_INFO = INCLUDE_SOURCE;
				MTL_FAST_MATH = YES;
				ONLY_ACTIVE_ARCH = YES;
				SDKROOT = iphoneos;
				SWIFT_ACTIVE_COMPILATION_CONDITIONS = DEBUG;
				SWIFT_OPTIMIZATION_LEVEL = "-Onone";
			};
			name = Debug;
		};
		11647B91226492DC00561805 /* Release */ = {
			isa = XCBuildConfiguration;
			buildSettings = {
				ALWAYS_SEARCH_USER_PATHS = NO;
				CLANG_ANALYZER_NONNULL = YES;
				CLANG_ANALYZER_NUMBER_OBJECT_CONVERSION = YES_AGGRESSIVE;
				CLANG_CXX_LANGUAGE_STANDARD = "gnu++14";
				CLANG_CXX_LIBRARY = "libc++";
				CLANG_ENABLE_MODULES = YES;
				CLANG_ENABLE_OBJC_ARC = YES;
				CLANG_ENABLE_OBJC_WEAK = YES;
				CLANG_WARN_BLOCK_CAPTURE_AUTORELEASING = YES;
				CLANG_WARN_BOOL_CONVERSION = YES;
				CLANG_WARN_COMMA = YES;
				CLANG_WARN_CONSTANT_CONVERSION = YES;
				CLANG_WARN_DEPRECATED_OBJC_IMPLEMENTATIONS = YES;
				CLANG_WARN_DIRECT_OBJC_ISA_USAGE = YES_ERROR;
				CLANG_WARN_DOCUMENTATION_COMMENTS = YES;
				CLANG_WARN_EMPTY_BODY = YES;
				CLANG_WARN_ENUM_CONVERSION = YES;
				CLANG_WARN_INFINITE_RECURSION = YES;
				CLANG_WARN_INT_CONVERSION = YES;
				CLANG_WARN_NON_LITERAL_NULL_CONVERSION = YES;
				CLANG_WARN_OBJC_IMPLICIT_RETAIN_SELF = YES;
				CLANG_WARN_OBJC_LITERAL_CONVERSION = YES;
				CLANG_WARN_OBJC_ROOT_CLASS = YES_ERROR;
				CLANG_WARN_RANGE_LOOP_ANALYSIS = YES;
				CLANG_WARN_STRICT_PROTOTYPES = YES;
				CLANG_WARN_SUSPICIOUS_MOVE = YES;
				CLANG_WARN_UNGUARDED_AVAILABILITY = YES_AGGRESSIVE;
				CLANG_WARN_UNREACHABLE_CODE = YES;
				CLANG_WARN__DUPLICATE_METHOD_MATCH = YES;
				CODE_SIGN_IDENTITY = "iPhone Developer";
				COPY_PHASE_STRIP = NO;
				DEBUG_INFORMATION_FORMAT = "dwarf-with-dsym";
				ENABLE_NS_ASSERTIONS = NO;
				ENABLE_STRICT_OBJC_MSGSEND = YES;
				GCC_C_LANGUAGE_STANDARD = gnu11;
				GCC_NO_COMMON_BLOCKS = YES;
				GCC_WARN_64_TO_32_BIT_CONVERSION = YES;
				GCC_WARN_ABOUT_RETURN_TYPE = YES_ERROR;
				GCC_WARN_UNDECLARED_SELECTOR = YES;
				GCC_WARN_UNINITIALIZED_AUTOS = YES_AGGRESSIVE;
				GCC_WARN_UNUSED_FUNCTION = YES;
				GCC_WARN_UNUSED_VARIABLE = YES;
				IPHONEOS_DEPLOYMENT_TARGET = 12.0;
				MTL_ENABLE_DEBUG_INFO = NO;
				MTL_FAST_MATH = YES;
				SDKROOT = iphoneos;
				SWIFT_COMPILATION_MODE = wholemodule;
				SWIFT_OPTIMIZATION_LEVEL = "-O";
				VALIDATE_PRODUCT = YES;
			};
			name = Release;
		};
		11647B93226492DC00561805 /* Debug */ = {
			isa = XCBuildConfiguration;
			buildSettings = {
				ASSETCATALOG_COMPILER_APPICON_NAME = AppIcon;
				CODE_SIGN_STYLE = Manual;
				DEVELOPMENT_TEAM = "";
				INFOPLIST_FILE = "Layout Helper/Info.plist";
				LD_RUNPATH_SEARCH_PATHS = (
					"$(inherited)",
					"@executable_path/Frameworks",
				);
				PRODUCT_BUNDLE_IDENTIFIER = Wabbiters.layoutHelper;
				PRODUCT_NAME = "$(TARGET_NAME)";
				PROVISIONING_PROFILE_SPECIFIER = "";
				SWIFT_VERSION = 4.2;
				TARGETED_DEVICE_FAMILY = "1,2";
			};
			name = Debug;
		};
		11647B94226492DC00561805 /* Release */ = {
			isa = XCBuildConfiguration;
			buildSettings = {
				ASSETCATALOG_COMPILER_APPICON_NAME = AppIcon;
				CODE_SIGN_STYLE = Manual;
				DEVELOPMENT_TEAM = "";
				INFOPLIST_FILE = "Layout Helper/Info.plist";
				LD_RUNPATH_SEARCH_PATHS = (
					"$(inherited)",
					"@executable_path/Frameworks",
				);
				PRODUCT_BUNDLE_IDENTIFIER = Wabbiters.layoutHelper;
				PRODUCT_NAME = "$(TARGET_NAME)";
				PROVISIONING_PROFILE_SPECIFIER = "";
				SWIFT_VERSION = 4.2;
				TARGETED_DEVICE_FAMILY = "1,2";
			};
			name = Release;
		};
/* End XCBuildConfiguration section */

/* Begin XCConfigurationList section */
		11647B7B226492DA00561805 /* Build configuration list for PBXProject "Layout Helper" */ = {
			isa = XCConfigurationList;
			buildConfigurations = (
				11647B90226492DC00561805 /* Debug */,
				11647B91226492DC00561805 /* Release */,
			);
			defaultConfigurationIsVisible = 0;
			defaultConfigurationName = Release;
		};
		11647B92226492DC00561805 /* Build configuration list for PBXNativeTarget "Layout Helper" */ = {
			isa = XCConfigurationList;
			buildConfigurations = (
				11647B93226492DC00561805 /* Debug */,
				11647B94226492DC00561805 /* Release */,
			);
			defaultConfigurationIsVisible = 0;
			defaultConfigurationName = Release;
		};
/* End XCConfigurationList section */
	};
	rootObject = 11647B78226492DA00561805 /* Project object */;
}
